{
    "_readme": [
        "This file locks the dependencies of your project to a known state",
        "Read more about it at https://getcomposer.org/doc/01-basic-usage.md#installing-dependencies",
        "This file is @generated automatically"
    ],
    "content-hash": "282ded0972f80597bf351fddefda3d2c",
    "packages": [
        {
            "name": "mageplaza/magento-2-vietnamese-language-pack",
            "version": "dev-master",
            "source": {
                "type": "git",
                "url": "https://github.com/mageplaza/magento-2-vietnamese-language-pack.git",
                "reference": "cc6f76df3f5c6a58fb71b27c3b1c9def385d64df"
            },
            "dist": {
                "type": "zip",
                "url": "https://api.github.com/repos/mageplaza/magento-2-vietnamese-language-pack/zipball/cc6f76df3f5c6a58fb71b27c3b1c9def385d64df",
                "reference": "cc6f76df3f5c6a58fb71b27c3b1c9def385d64df",
                "shasum": ""
            },
            "require": {
                "mageplaza/module-core": "^1.3.13"
            },
            "default-branch": true,
            "type": "magento2-language",
            "autoload": {
                "files": [
                    "registration.php"
                ]
            },
            "notification-url": "https://packagist.org/downloads/",
            "license": [
                "MIT"
            ],
            "authors": [
                {
                    "name": "Mageplaza team",
                    "email": "hi@mageplaza.com",
                    "homepage": "https://www.mageplaza.com",
                    "role": "Leader"
                }
            ],
            "description": "Vietnamese language package for Magento 2",
            "homepage": "https://www.mageplaza.com",
            "support": {
                "issues": "https://github.com/mageplaza/magento-2-vietnamese-language-pack/issues",
                "source": "https://github.com/mageplaza/magento-2-vietnamese-language-pack/tree/master"
            },
            "time": "2022-02-22T09:05:30+00:00"
        },
        {
            "name": "mageplaza/module-core",
            "version": "1.5.15",
            "source": {
                "type": "git",
                "url": "https://github.com/mageplaza/module-core.git",
                "reference": "c527e66bf483f74d1dc3013dc64b2eefa6e8ecc6"
            },
            "dist": {
                "type": "zip",
                "url": "https://api.github.com/repos/mageplaza/module-core/zipball/c527e66bf483f74d1dc3013dc64b2eefa6e8ecc6",
                "reference": "c527e66bf483f74d1dc3013dc64b2eefa6e8ecc6",
                "shasum": ""
            },
            "type": "magento2-module",
            "autoload": {
                "files": [
                    "registration.php"
                ],
                "psr-4": {
                    "Mageplaza\\Core\\": ""
                }
            },
            "notification-url": "https://packagist.org/downloads/",
            "license": [
                "proprietary"
            ],
            "authors": [
                {
                    "name": "Mageplaza",
                    "email": "support@mageplaza.com",
                    "homepage": "https://www.mageplaza.com",
                    "role": "Technical Support"
                }
            ],
            "description": "Mageplaza Core for Magento 2",
            "support": {
                "source": "https://github.com/mageplaza/module-core/tree/v1.5.15"
            },
            "time": "2025-10-21T07:24:34+00:00"
        }
    ],
    "packages-dev": [],
    "aliases": [],
    "minimum-stability": "stable",
    "stability-flags": {
        "mageplaza/magento-2-vietnamese-language-pack": 20
    },
    "prefer-stable": false,
    "prefer-lowest": false,
    "platform": {},
    "platform-dev": {},
    "plugin-api-version": "2.6.0"
}
